{
  "version": "3",
  "packages": {
    "specifiers": {
      "npm:@atproto/api@0.6.18": "npm:@atproto/api@0.6.18"
    },
    "npm": {
      "@atproto/api@0.6.18": {
        "integrity": "sha512-OmqZgLHDaB6Jho9Y+VA8ZYNuUYV9vnJqiOnDvCaCiQXr/UTBoccRpffqYHQ6SOt7X76nJZnAoqrs4vzxjdvhog==",
        "dependencies": {
          "@atproto/common-web": "@atproto/common-web@0.2.0",
          "@atproto/lexicon": "@atproto/lexicon@0.2.1",
          "@atproto/syntax": "@atproto/syntax@0.1.1",
          "@atproto/xrpc": "@atproto/xrpc@0.3.1",
          "multiformats": "multiformats@9.9.0",
          "tlds": "tlds@1.242.0",
          "typed-emitter": "typed-emitter@2.1.0"
        }
      },
      "@atproto/common-web@0.2.0": {
        "integrity": "sha512-ugKrT8CWf6PDsZ29VOhOCs5K4z9BAFIV7SxPXA+MHC7pINqQ+wyjIq+DtUI8kmUSce1dTqc/lMN1akf/W5whVQ==",
        "dependencies": {
          "graphemer": "graphemer@1.4.0",
          "multiformats": "multiformats@9.9.0",
          "uint8arrays": "uint8arrays@3.0.0",
          "zod": "zod@3.22.2"
        }
      },
      "@atproto/lexicon@0.2.1": {
        "integrity": "sha512-r03gJ9g/hhfI4zHqQgS8HrWceXMhpkVSPNJw1DufpwGpISdaqO6WltdxUkdUQXl6htJmZq3QidnyWPXR5dOtWg==",
        "dependencies": {
          "@atproto/common-web": "@atproto/common-web@0.2.0",
          "@atproto/syntax": "@atproto/syntax@0.1.1",
          "iso-datestring-validator": "iso-datestring-validator@2.2.2",
          "multiformats": "multiformats@9.9.0",
          "zod": "zod@3.22.2"
        }
      },
      "@atproto/syntax@0.1.1": {
        "integrity": "sha512-R3ZbDcA1Ax9yu81uReRcrsmCknqBjqTI+3zuNYS8gNEh0m0OUqJyR4+xSDwrSjE4NDOs1nT93HP+WrimENkihg==",
        "dependencies": {
          "@atproto/common-web": "@atproto/common-web@0.2.0"
        }
      },
      "@atproto/xrpc@0.3.1": {
        "integrity": "sha512-VVoRC/omtXFMIDUyrkFjYkwJ3vevvsGH0L1UW6mTsL40DK3iJpi0GcdJlcqdMkIFJ+QLeAluEKgEcL7bAR5LiQ==",
        "dependencies": {
          "@atproto/lexicon": "@atproto/lexicon@0.2.1",
          "zod": "zod@3.22.2"
        }
      },
      "graphemer@1.4.0": {
        "integrity": "sha512-EtKwoO6kxCL9WO5xipiHTZlSzBm7WLT627TqC/uVRd0HKmq8NXyebnNYxDoBi7wt8eTWrUrKXCOVaFq9x1kgag==",
        "dependencies": {}
      },
      "iso-datestring-validator@2.2.2": {
        "integrity": "sha512-yLEMkBbLZTlVQqOnQ4FiMujR6T4DEcCb1xizmvXS+OxuhwcbtynoosRzdMA69zZCShCNAbi+gJ71FxZBBXx1SA==",
        "dependencies": {}
      },
      "multiformats@9.9.0": {
        "integrity": "sha512-HoMUjhH9T8DDBNT+6xzkrd9ga/XiBI4xLr58LJACwK6G3HTOPeMz4nB4KJs33L2BelrIJa7P0VuNaVF3hMYfjg==",
        "dependencies": {}
      },
      "rxjs@7.8.1": {
        "integrity": "sha512-AA3TVj+0A2iuIoQkWEK/tqFjBq2j+6PO6Y0zJcvzLAFhEFIO3HL0vls9hWLncZbAAbK0mar7oZ4V079I/qPMxg==",
        "dependencies": {
          "tslib": "tslib@2.6.2"
        }
      },
      "tlds@1.242.0": {
        "integrity": "sha512-aP3dXawgmbfU94mA32CJGHmJUE1E58HCB1KmlKRhBNtqBL27mSQcAEmcaMaQ1Za9kIVvOdbxJD3U5ycDy7nJ3w==",
        "dependencies": {}
      },
      "tslib@2.6.2": {
        "integrity": "sha512-AEYxH93jGFPn/a2iVAwW87VuUIkR1FVUKB77NwMF7nBTDkDrrT/Hpt/IrCJ0QXhW27jTBDcf5ZY7w6RiqTMw2Q==",
        "dependencies": {}
      },
      "typed-emitter@2.1.0": {
        "integrity": "sha512-g/KzbYKbH5C2vPkaXGu8DJlHrGKHLsM25Zg9WuC9pMGfuvT+X25tZQWo5fK1BjBm8+UrVE9LDCvaY0CQk+fXDA==",
        "dependencies": {
          "rxjs": "rxjs@7.8.1"
        }
      },
      "uint8arrays@3.0.0": {
        "integrity": "sha512-HRCx0q6O9Bfbp+HHSfQQKD7wU70+lydKVt4EghkdOvlK/NlrF90z+eXV34mUd48rNvVJXwkrMSPpCATkct8fJA==",
        "dependencies": {
          "multiformats": "multiformats@9.9.0"
        }
      },
      "zod@3.22.2": {
        "integrity": "sha512-wvWkphh5WQsJbVk1tbx1l1Ly4yg+XecD+Mq280uBGt9wa5BKSWf4Mhp6GmrkPixhMxmabYY7RbzlwVP32pbGCg==",
        "dependencies": {}
      }
    }
  },
  "remote": {
    "https://deno.land/x/markup_tag@0.4.0/mod.ts": "27ac5deb9f5dff3b99cb202b21c74315fa17c762e7009c6e223bbdc7c2f7061d"
  }
}
